
Microsoft Visual Studio Solution File, Format Version 12.00
# Visual Studio Version 17
VisualStudioVersion = 17.8.34330.188
MinimumVisualStudioVersion = 10.0.40219.1
Project("{FAE04EC0-301F-11D3-BF4B-00C04F79EFBC}") = "WebApplication2", "WebApplication2\WebApplication2.csproj", "{C6DB03FE-DD97-4FE8-ADF6-1E2020A678E9}"
EndProject
Global
	GlobalSection(SolutionConfigurationPlatforms) = preSolution
		Debug|Any CPU = Debug|Any CPU
		Release|Any CPU = Release|Any CPU
	EndGlobalSection
	GlobalSection(ProjectConfigurationPlatforms) = postSolution
		{C6DB03FE-DD97-4FE8-ADF6-1E2020A678E9}.Debug|Any CPU.ActiveCfg = Debug|Any CPU
		{C6DB03FE-DD97-4FE8-ADF6-1E2020A678E9}.Debug|Any CPU.Build.0 = Debug|Any CPU
		{C6DB03FE-DD97-4FE8-ADF6-1E2020A678E9}.Release|Any CPU.ActiveCfg = Release|Any CPU
		{C6DB03FE-DD97-4FE8-ADF6-1E2020A678E9}.Release|Any CPU.Build.0 = Release|Any CPU
	EndGlobalSection
	GlobalSection(SolutionProperties) = preSolution
		HideSolutionNode = FALSE
	EndGlobalSection
	GlobalSection(ExtensibilityGlobals) = postSolution
		SolutionGuid = {D8F92792-5E71-484A-A778-3175C5F84C80}
	EndGlobalSection
EndGlobal
